
Microsoft Visual Studio Solution File, Format Version 12.00
# Visual Studio Version 17
VisualStudioVersion = 17.13.35825.156 d17.13
MinimumVisualStudioVersion = 10.0.40219.1
Project("{FAE04EC0-301F-11D3-BF4B-00C04F79EFBC}") = "Tasks", "Tasks.csproj", "{B23BDC7F-E47A-211A-A8F6-381AE4E3A50B}"
EndProject
Project("{FAE04EC0-301F-11D3-BF4B-00C04F79EFBC}") = "Tasks.UnitTest", "..\Tasks.UnitTest\Tasks.UnitTest.csproj", "{EF878609-E0A2-6829-4A84-61D7F293DDC9}"
EndProject
Global
	GlobalSection(SolutionConfigurationPlatforms) = preSolution
		Debug|Any CPU = Debug|Any CPU
		Release|Any CPU = Release|Any CPU
	EndGlobalSection
	GlobalSection(ProjectConfigurationPlatforms) = postSolution
		{B23BDC7F-E47A-211A-A8F6-381AE4E3A50B}.Debug|Any CPU.ActiveCfg = Debug|Any CPU
		{B23BDC7F-E47A-211A-A8F6-381AE4E3A50B}.Debug|Any CPU.Build.0 = Debug|Any CPU
		{B23BDC7F-E47A-211A-A8F6-381AE4E3A50B}.Release|Any CPU.ActiveCfg = Release|Any CPU
		{B23BDC7F-E47A-211A-A8F6-381AE4E3A50B}.Release|Any CPU.Build.0 = Release|Any CPU
		{EF878609-E0A2-6829-4A84-61D7F293DDC9}.Debug|Any CPU.ActiveCfg = Debug|Any CPU
		{EF878609-E0A2-6829-4A84-61D7F293DDC9}.Debug|Any CPU.Build.0 = Debug|Any CPU
		{EF878609-E0A2-6829-4A84-61D7F293DDC9}.Release|Any CPU.ActiveCfg = Release|Any CPU
		{EF878609-E0A2-6829-4A84-61D7F293DDC9}.Release|Any CPU.Build.0 = Release|Any CPU
	EndGlobalSection
	GlobalSection(SolutionProperties) = preSolution
		HideSolutionNode = FALSE
	EndGlobalSection
	GlobalSection(ExtensibilityGlobals) = postSolution
		SolutionGuid = {226B8CEC-8B37-4EBC-A691-A1E7220AC5CC}
	EndGlobalSection
EndGlobal
